// !$*UTF8*$!
{
	archiveVersion = 1;
	classes = {
	};
	objectVersion = 48;
	objects = {

/* Begin PBXBuildFile section */
		2E5C1F391FA6028C00A49370 /* TwitClientTests.m in Sources */ = {isa = PBXBuildFile; fileRef = 2E5C1F381FA6028C00A49370 /* TwitClientTests.m */; };
		2E5C1F5A1FA602E800A49370 /* TwitClient.xcdatamodeld in Sources */ = {isa = PBXBuildFile; fileRef = 2E5C1F451FA602E700A49370 /* TwitClient.xcdatamodeld */; };
		2E5C1F5B1FA602E800A49370 /* Assets.xcassets in Resources */ = {isa = PBXBuildFile; fileRef = 2E5C1F491FA602E700A49370 /* Assets.xcassets */; };
		2E5C1F5C1FA602E800A49370 /* TweetPostCell.xib in Resources */ = {isa = PBXBuildFile; fileRef = 2E5C1F4C1FA602E700A49370 /* TweetPostCell.xib */; };
		2E5C1F5D1FA602E800A49370 /* main.m in Sources */ = {isa = PBXBuildFile; fileRef = 2E5C1F4E1FA602E700A49370 /* main.m */; };
		2E5C1F5E1FA602E800A49370 /* TWCAppDelegate.m in Sources */ = {isa = PBXBuildFile; fileRef = 2E5C1F501FA602E700A49370 /* TWCAppDelegate.m */; };
		2E5C1F601FA602E800A49370 /* TWCFeedTableViewController.m in Sources */ = {isa = PBXBuildFile; fileRef = 2E5C1F561FA602E700A49370 /* TWCFeedTableViewController.m */; };
		2E5C1F611FA602E800A49370 /* FeedViewModel.m in Sources */ = {isa = PBXBuildFile; fileRef = 2E5C1F591FA602E800A49370 /* FeedViewModel.m */; };
		2E5C1F641FA6031600A49370 /* TWCPostCell.m in Sources */ = {isa = PBXBuildFile; fileRef = 2E5C1F631FA6031600A49370 /* TWCPostCell.m */; };
		BFD8A796C5E69FF2B3D3511A /* Pods_TwitClient.framework in Frameworks */ = {isa = PBXBuildFile; fileRef = 1A7ABA70EE1D1F23014E8BC8 /* Pods_TwitClient.framework */; };
/* End PBXBuildFile section */

/* Begin PBXContainerItemProxy section */
		2E5C1F351FA6028C00A49370 /* PBXContainerItemProxy */ = {
			isa = PBXContainerItemProxy;
			containerPortal = 2E5C1F111FA6028C00A49370 /* Project object */;
			proxyType = 1;
			remoteGlobalIDString = 2E5C1F181FA6028C00A49370;
			remoteInfo = TwitClient;
		};
/* End PBXContainerItemProxy section */

/* Begin PBXFileReference section */
		1A7ABA70EE1D1F23014E8BC8 /* Pods_TwitClient.framework */ = {isa = PBXFileReference; explicitFileType = wrapper.framework; includeInIndex = 0; path = Pods_TwitClient.framework; sourceTree = BUILT_PRODUCTS_DIR; };
		210105D23790798D9C84D31A /* Pods-TwitClient.release.xcconfig */ = {isa = PBXFileReference; includeInIndex = 1; lastKnownFileType = text.xcconfig; name = "Pods-TwitClient.release.xcconfig"; path = "Pods/Target Support Files/Pods-TwitClient/Pods-TwitClient.release.xcconfig"; sourceTree = "<group>"; };
		2E5C1F191FA6028C00A49370 /* TwitClient.app */ = {isa = PBXFileReference; explicitFileType = wrapper.application; includeInIndex = 0; path = TwitClient.app; sourceTree = BUILT_PRODUCTS_DIR; };
		2E5C1F2D1FA6028C00A49370 /* Info.plist */ = {isa = PBXFileReference; lastKnownFileType = text.plist.xml; path = Info.plist; sourceTree = "<group>"; };
		2E5C1F341FA6028C00A49370 /* TwitClientTests.xctest */ = {isa = PBXFileReference; explicitFileType = wrapper.cfbundle; includeInIndex = 0; path = TwitClientTests.xctest; sourceTree = BUILT_PRODUCTS_DIR; };
		2E5C1F381FA6028C00A49370 /* TwitClientTests.m */ = {isa = PBXFileReference; lastKnownFileType = sourcecode.c.objc; path = TwitClientTests.m; sourceTree = "<group>"; };
		2E5C1F3A1FA6028C00A49370 /* Info.plist */ = {isa = PBXFileReference; lastKnownFileType = text.plist.xml; path = Info.plist; sourceTree = "<group>"; };
		2E5C1F461FA602E700A49370 /* TwitClient.xcdatamodel */ = {isa = PBXFileReference; lastKnownFileType = wrapper.xcdatamodel; path = TwitClient.xcdatamodel; sourceTree = "<group>"; };
		2E5C1F491FA602E700A49370 /* Assets.xcassets */ = {isa = PBXFileReference; lastKnownFileType = folder.assetcatalog; path = Assets.xcassets; sourceTree = "<group>"; };
		2E5C1F4A1FA602E700A49370 /* TwitterClient-Bridging-Header.h */ = {isa = PBXFileReference; fileEncoding = 4; lastKnownFileType = sourcecode.c.h; path = "TwitterClient-Bridging-Header.h"; sourceTree = "<group>"; };
		2E5C1F4C1FA602E700A49370 /* TweetPostCell.xib */ = {isa = PBXFileReference; fileEncoding = 4; lastKnownFileType = file.xib; path = TweetPostCell.xib; sourceTree = "<group>"; };
		2E5C1F4E1FA602E700A49370 /* main.m */ = {isa = PBXFileReference; fileEncoding = 4; lastKnownFileType = sourcecode.c.objc; path = main.m; sourceTree = "<group>"; };
		2E5C1F4F1FA602E700A49370 /* TWCAppDelegate.h */ = {isa = PBXFileReference; fileEncoding = 4; lastKnownFileType = sourcecode.c.h; path = TWCAppDelegate.h; sourceTree = "<group>"; };
		2E5C1F501FA602E700A49370 /* TWCAppDelegate.m */ = {isa = PBXFileReference; fileEncoding = 4; lastKnownFileType = sourcecode.c.objc; path = TWCAppDelegate.m; sourceTree = "<group>"; };
		2E5C1F551FA602E700A49370 /* TWCFeedTableViewController.h */ = {isa = PBXFileReference; fileEncoding = 4; lastKnownFileType = sourcecode.c.h; path = TWCFeedTableViewController.h; sourceTree = "<group>"; };
		2E5C1F561FA602E700A49370 /* TWCFeedTableViewController.m */ = {isa = PBXFileReference; fileEncoding = 4; lastKnownFileType = sourcecode.c.objc; path = TWCFeedTableViewController.m; sourceTree = "<group>"; };
		2E5C1F581FA602E800A49370 /* FeedViewModel.h */ = {isa = PBXFileReference; fileEncoding = 4; lastKnownFileType = sourcecode.c.h; path = FeedViewModel.h; sourceTree = "<group>"; };
		2E5C1F591FA602E800A49370 /* FeedViewModel.m */ = {isa = PBXFileReference; fileEncoding = 4; lastKnownFileType = sourcecode.c.objc; path = FeedViewModel.m; sourceTree = "<group>"; };
		2E5C1F621FA6031600A49370 /* TWCPostCell.h */ = {isa = PBXFileReference; lastKnownFileType = sourcecode.c.h; path = TWCPostCell.h; sourceTree = "<group>"; };
		2E5C1F631FA6031600A49370 /* TWCPostCell.m */ = {isa = PBXFileReference; lastKnownFileType = sourcecode.c.objc; path = TWCPostCell.m; sourceTree = "<group>"; };
		F10D36181123F4AD778A68FD /* Pods-TwitClient.debug.xcconfig */ = {isa = PBXFileReference; includeInIndex = 1; lastKnownFileType = text.xcconfig; name = "Pods-TwitClient.debug.xcconfig"; path = "Pods/Target Support Files/Pods-TwitClient/Pods-TwitClient.debug.xcconfig"; sourceTree = "<group>"; };
/* End PBXFileReference section */

/* Begin PBXFrameworksBuildPhase section */
		2E5C1F161FA6028C00A49370 /* Frameworks */ = {
			isa = PBXFrameworksBuildPhase;
			buildActionMask = 2147483647;
			files = (
				BFD8A796C5E69FF2B3D3511A /* Pods_TwitClient.framework in Frameworks */,
			);
			runOnlyForDeploymentPostprocessing = 0;
		};
		2E5C1F311FA6028C00A49370 /* Frameworks */ = {
			isa = PBXFrameworksBuildPhase;
			buildActionMask = 2147483647;
			files = (
			);
			runOnlyForDeploymentPostprocessing = 0;
		};
/* End PBXFrameworksBuildPhase section */

/* Begin PBXGroup section */
		2E5C1F101FA6028C00A49370 = {
			isa = PBXGroup;
			children = (
				2E5C1F1B1FA6028C00A49370 /* TwitClient */,
				2E5C1F371FA6028C00A49370 /* TwitClientTests */,
				2E5C1F1A1FA6028C00A49370 /* Products */,
				346D095C4A905606E6B7AC4B /* Pods */,
				9B4E32E8E914FAE68C93E13C /* Frameworks */,
			);
			sourceTree = "<group>";
		};
		2E5C1F1A1FA6028C00A49370 /* Products */ = {
			isa = PBXGroup;
			children = (
				2E5C1F191FA6028C00A49370 /* TwitClient.app */,
				2E5C1F341FA6028C00A49370 /* TwitClientTests.xctest */,
			);
			name = Products;
			sourceTree = "<group>";
		};
		2E5C1F1B1FA6028C00A49370 /* TwitClient */ = {
			isa = PBXGroup;
			children = (
				2E5C1F4D1FA602E700A49370 /* Core */,
				2E5C1F471FA602E700A49370 /* Models */,
				2E5C1F431FA602E700A49370 /* Network */,
				2E5C1F481FA602E700A49370 /* Resources */,
				2E5C1F441FA602E700A49370 /* Storage */,
				2E5C1F511FA602E700A49370 /* View */,
				2E5C1F571FA602E800A49370 /* ViewModel */,
				2E5C1F2D1FA6028C00A49370 /* Info.plist */,
			);
			path = TwitClient;
			sourceTree = "<group>";
		};
		2E5C1F371FA6028C00A49370 /* TwitClientTests */ = {
			isa = PBXGroup;
			children = (
				2E5C1F381FA6028C00A49370 /* TwitClientTests.m */,
				2E5C1F3A1FA6028C00A49370 /* Info.plist */,
			);
			path = TwitClientTests;
			sourceTree = "<group>";
		};
		2E5C1F431FA602E700A49370 /* Network */ = {
			isa = PBXGroup;
			children = (
			);
			path = Network;
			sourceTree = "<group>";
		};
		2E5C1F441FA602E700A49370 /* Storage */ = {
			isa = PBXGroup;
			children = (
				2E5C1F451FA602E700A49370 /* TwitClient.xcdatamodeld */,
			);
			path = Storage;
			sourceTree = "<group>";
		};
		2E5C1F471FA602E700A49370 /* Models */ = {
			isa = PBXGroup;
			children = (
			);
			path = Models;
			sourceTree = "<group>";
		};
		2E5C1F481FA602E700A49370 /* Resources */ = {
			isa = PBXGroup;
			children = (
				2E5C1F491FA602E700A49370 /* Assets.xcassets */,
				2E5C1F4A1FA602E700A49370 /* TwitterClient-Bridging-Header.h */,
				2E5C1F4B1FA602E700A49370 /* Xib */,
			);
			path = Resources;
			sourceTree = "<group>";
		};
		2E5C1F4B1FA602E700A49370 /* Xib */ = {
			isa = PBXGroup;
			children = (
				2E5C1F4C1FA602E700A49370 /* TweetPostCell.xib */,
			);
			path = Xib;
			sourceTree = "<group>";
		};
		2E5C1F4D1FA602E700A49370 /* Core */ = {
			isa = PBXGroup;
			children = (
				2E5C1F4E1FA602E700A49370 /* main.m */,
				2E5C1F4F1FA602E700A49370 /* TWCAppDelegate.h */,
				2E5C1F501FA602E700A49370 /* TWCAppDelegate.m */,
			);
			path = Core;
			sourceTree = "<group>";
		};
		2E5C1F511FA602E700A49370 /* View */ = {
			isa = PBXGroup;
			children = (
				2E5C1F521FA602E700A49370 /* Cells */,
				2E5C1F541FA602E700A49370 /* ViewControllers */,
			);
			path = View;
			sourceTree = "<group>";
		};
		2E5C1F521FA602E700A49370 /* Cells */ = {
			isa = PBXGroup;
			children = (
				2E5C1F621FA6031600A49370 /* TWCPostCell.h */,
				2E5C1F631FA6031600A49370 /* TWCPostCell.m */,
			);
			path = Cells;
			sourceTree = "<group>";
		};
		2E5C1F541FA602E700A49370 /* ViewControllers */ = {
			isa = PBXGroup;
			children = (
				2E5C1F551FA602E700A49370 /* TWCFeedTableViewController.h */,
				2E5C1F561FA602E700A49370 /* TWCFeedTableViewController.m */,
			);
			path = ViewControllers;
			sourceTree = "<group>";
		};
		2E5C1F571FA602E800A49370 /* ViewModel */ = {
			isa = PBXGroup;
			children = (
				2E5C1F581FA602E800A49370 /* FeedViewModel.h */,
				2E5C1F591FA602E800A49370 /* FeedViewModel.m */,
			);
			path = ViewModel;
			sourceTree = "<group>";
		};
		346D095C4A905606E6B7AC4B /* Pods */ = {
			isa = PBXGroup;
			children = (
				F10D36181123F4AD778A68FD /* Pods-TwitClient.debug.xcconfig */,
				210105D23790798D9C84D31A /* Pods-TwitClient.release.xcconfig */,
			);
			name = Pods;
			sourceTree = "<group>";
		};
		9B4E32E8E914FAE68C93E13C /* Frameworks */ = {
			isa = PBXGroup;
			children = (
				1A7ABA70EE1D1F23014E8BC8 /* Pods_TwitClient.framework */,
			);
			name = Frameworks;
			sourceTree = "<group>";
		};
/* End PBXGroup section */

/* Begin PBXNativeTarget section */
		2E5C1F181FA6028C00A49370 /* TwitClient */ = {
			isa = PBXNativeTarget;
			buildConfigurationList = 2E5C1F3D1FA6028C00A49370 /* Build configuration list for PBXNativeTarget "TwitClient" */;
			buildPhases = (
				701B39F9F218E8BA74C7E949 /* [CP] Check Pods Manifest.lock */,
				2E5C1F151FA6028C00A49370 /* Sources */,
				2E5C1F161FA6028C00A49370 /* Frameworks */,
				2E5C1F171FA6028C00A49370 /* Resources */,
				973FA021D3C518C0B818547A /* [CP] Embed Pods Frameworks */,
				E1C30FC76247EF94CA975DCE /* [CP] Copy Pods Resources */,
			);
			buildRules = (
			);
			dependencies = (
			);
			name = TwitClient;
			productName = TwitClient;
			productReference = 2E5C1F191FA6028C00A49370 /* TwitClient.app */;
			productType = "com.apple.product-type.application";
		};
		2E5C1F331FA6028C00A49370 /* TwitClientTests */ = {
			isa = PBXNativeTarget;
			buildConfigurationList = 2E5C1F401FA6028C00A49370 /* Build configuration list for PBXNativeTarget "TwitClientTests" */;
			buildPhases = (
				2E5C1F301FA6028C00A49370 /* Sources */,
				2E5C1F311FA6028C00A49370 /* Frameworks */,
				2E5C1F321FA6028C00A49370 /* Resources */,
			);
			buildRules = (
			);
			dependencies = (
				2E5C1F361FA6028C00A49370 /* PBXTargetDependency */,
			);
			name = TwitClientTests;
			productName = TwitClientTests;
			productReference = 2E5C1F341FA6028C00A49370 /* TwitClientTests.xctest */;
			productType = "com.apple.product-type.bundle.unit-test";
		};
/* End PBXNativeTarget section */

/* Begin PBXProject section */
		2E5C1F111FA6028C00A49370 /* Project object */ = {
			isa = PBXProject;
			attributes = {
				LastUpgradeCheck = 0900;
				ORGANIZATIONNAME = "Ruslan Nikolaev";
				TargetAttributes = {
					2E5C1F181FA6028C00A49370 = {
						CreatedOnToolsVersion = 9.0.1;
						ProvisioningStyle = Automatic;
					};
					2E5C1F331FA6028C00A49370 = {
						CreatedOnToolsVersion = 9.0.1;
						ProvisioningStyle = Automatic;
						TestTargetID = 2E5C1F181FA6028C00A49370;
					};
				};
			};
			buildConfigurationList = 2E5C1F141FA6028C00A49370 /* Build configuration list for PBXProject "TwitClient" */;
			compatibilityVersion = "Xcode 8.0";
			developmentRegion = en;
			hasScannedForEncodings = 0;
			knownRegions = (
				en,
				Base,
			);
			mainGroup = 2E5C1F101FA6028C00A49370;
			productRefGroup = 2E5C1F1A1FA6028C00A49370 /* Products */;
			projectDirPath = "";
			projectRoot = "";
			targets = (
				2E5C1F181FA6028C00A49370 /* TwitClient */,
				2E5C1F331FA6028C00A49370 /* TwitClientTests */,
			);
		};
/* End PBXProject section */

/* Begin PBXResourcesBuildPhase section */
		2E5C1F171FA6028C00A49370 /* Resources */ = {
			isa = PBXResourcesBuildPhase;
			buildActionMask = 2147483647;
			files = (
				2E5C1F5B1FA602E800A49370 /* Assets.xcassets in Resources */,
				2E5C1F5C1FA602E800A49370 /* TweetPostCell.xib in Resources */,
			);
			runOnlyForDeploymentPostprocessing = 0;
		};
		2E5C1F321FA6028C00A49370 /* Resources */ = {
			isa = PBXResourcesBuildPhase;
			buildActionMask = 2147483647;
			files = (
			);
			runOnlyForDeploymentPostprocessing = 0;
		};
/* End PBXResourcesBuildPhase section */

/* Begin PBXShellScriptBuildPhase section */
		701B39F9F218E8BA74C7E949 /* [CP] Check Pods Manifest.lock */ = {
			isa = PBXShellScriptBuildPhase;
			buildActionMask = 2147483647;
			files = (
			);
			inputPaths = (
				"${PODS_PODFILE_DIR_PATH}/Podfile.lock",
				"${PODS_ROOT}/Manifest.lock",
			);
			name = "[CP] Check Pods Manifest.lock";
			outputPaths = (
				"$(DERIVED_FILE_DIR)/Pods-TwitClient-checkManifestLockResult.txt",
			);
			runOnlyForDeploymentPostprocessing = 0;
			shellPath = /bin/sh;
			shellScript = "diff \"${PODS_PODFILE_DIR_PATH}/Podfile.lock\" \"${PODS_ROOT}/Manifest.lock\" > /dev/null\nif [ $? != 0 ] ; then\n    # print error to STDERR\n    echo \"error: The sandbox is not in sync with the Podfile.lock. Run 'pod install' or update your CocoaPods installation.\" >&2\n    exit 1\nfi\n# This output is used by Xcode 'outputs' to avoid re-running this script phase.\necho \"SUCCESS\" > \"${SCRIPT_OUTPUT_FILE_0}\"\n";
			showEnvVarsInLog = 0;
		};
		973FA021D3C518C0B818547A /* [CP] Embed Pods Frameworks */ = {
			isa = PBXShellScriptBuildPhase;
			buildActionMask = 2147483647;
			files = (
			);
			inputPaths = (
				"${SRCROOT}/Pods/Target Support Files/Pods-TwitClient/Pods-TwitClient-frameworks.sh",
				"${BUILT_PRODUCTS_DIR}/ReactiveCocoa/ReactiveCocoa.framework",
			);
			name = "[CP] Embed Pods Frameworks";
			outputPaths = (
				"${TARGET_BUILD_DIR}/${FRAMEWORKS_FOLDER_PATH}/ReactiveCocoa.framework",
			);
			runOnlyForDeploymentPostprocessing = 0;
			shellPath = /bin/sh;
			shellScript = "\"${SRCROOT}/Pods/Target Support Files/Pods-TwitClient/Pods-TwitClient-frameworks.sh\"\n";
			showEnvVarsInLog = 0;
		};
		E1C30FC76247EF94CA975DCE /* [CP] Copy Pods Resources */ = {
			isa = PBXShellScriptBuildPhase;
			buildActionMask = 2147483647;
			files = (
			);
			inputPaths = (
			);
			name = "[CP] Copy Pods Resources";
			outputPaths = (
			);
			runOnlyForDeploymentPostprocessing = 0;
			shellPath = /bin/sh;
			shellScript = "\"${SRCROOT}/Pods/Target Support Files/Pods-TwitClient/Pods-TwitClient-resources.sh\"\n";
			showEnvVarsInLog = 0;
		};
/* End PBXShellScriptBuildPhase section */

/* Begin PBXSourcesBuildPhase section */
		2E5C1F151FA6028C00A49370 /* Sources */ = {
			isa = PBXSourcesBuildPhase;
			buildActionMask = 2147483647;
			files = (
				2E5C1F601FA602E800A49370 /* TWCFeedTableViewController.m in Sources */,
				2E5C1F5E1FA602E800A49370 /* TWCAppDelegate.m in Sources */,
				2E5C1F611FA602E800A49370 /* FeedViewModel.m in Sources */,
				2E5C1F5D1FA602E800A49370 /* main.m in Sources */,
				2E5C1F5A1FA602E800A49370 /* TwitClient.xcdatamodeld in Sources */,
				2E5C1F641FA6031600A49370 /* TWCPostCell.m in Sources */,
			);
			runOnlyForDeploymentPostprocessing = 0;
		};
		2E5C1F301FA6028C00A49370 /* Sources */ = {
			isa = PBXSourcesBuildPhase;
			buildActionMask = 2147483647;
			files = (
				2E5C1F391FA6028C00A49370 /* TwitClientTests.m in Sources */,
			);
			runOnlyForDeploymentPostprocessing = 0;
		};
/* End PBXSourcesBuildPhase section */

/* Begin PBXTargetDependency section */
		2E5C1F361FA6028C00A49370 /* PBXTargetDependency */ = {
			isa = PBXTargetDependency;
			target = 2E5C1F181FA6028C00A49370 /* TwitClient */;
			targetProxy = 2E5C1F351FA6028C00A49370 /* PBXContainerItemProxy */;
		};
/* End PBXTargetDependency section */

/* Begin XCBuildConfiguration section */
		2E5C1F3B1FA6028C00A49370 /* Debug */ = {
			isa = XCBuildConfiguration;
			buildSettings = {
				ALWAYS_SEARCH_USER_PATHS = NO;
				CLANG_ANALYZER_NONNULL = YES;
				CLANG_ANALYZER_NUMBER_OBJECT_CONVERSION = YES_AGGRESSIVE;
				CLANG_CXX_LANGUAGE_STANDARD = "gnu++14";
				CLANG_CXX_LIBRARY = "libc++";
				CLANG_ENABLE_MODULES = YES;
				CLANG_ENABLE_OBJC_ARC = YES;
				CLANG_WARN_BLOCK_CAPTURE_AUTORELEASING = YES;
				CLANG_WARN_BOOL_CONVERSION = YES;
				CLANG_WARN_COMMA = YES;
				CLANG_WARN_CONSTANT_CONVERSION = YES;
				CLANG_WARN_DIRECT_OBJC_ISA_USAGE = YES_ERROR;
				CLANG_WARN_DOCUMENTATION_COMMENTS = YES;
				CLANG_WARN_EMPTY_BODY = YES;
				CLANG_WARN_ENUM_CONVERSION = YES;
				CLANG_WARN_INFINITE_RECURSION = YES;
				CLANG_WARN_INT_CONVERSION = YES;
				CLANG_WARN_NON_LITERAL_NULL_CONVERSION = YES;
				CLANG_WARN_OBJC_LITERAL_CONVERSION = YES;
				CLANG_WARN_OBJC_ROOT_CLASS = YES_ERROR;
				CLANG_WARN_RANGE_LOOP_ANALYSIS = YES;
				CLANG_WARN_STRICT_PROTOTYPES = YES;
				CLANG_WARN_SUSPICIOUS_MOVE = YES;
				CLANG_WARN_UNGUARDED_AVAILABILITY = YES_AGGRESSIVE;
				CLANG_WARN_UNREACHABLE_CODE = YES;
				CLANG_WARN__DUPLICATE_METHOD_MATCH = YES;
				CODE_SIGN_IDENTITY = "iPhone Developer";
				COPY_PHASE_STRIP = NO;
				DEBUG_INFORMATION_FORMAT = dwarf;
				ENABLE_STRICT_OBJC_MSGSEND = YES;
				ENABLE_TESTABILITY = YES;
				GCC_C_LANGUAGE_STANDARD = gnu11;
				GCC_DYNAMIC_NO_PIC = NO;
				GCC_NO_COMMON_BLOCKS = YES;
				GCC_OPTIMIZATION_LEVEL = 0;
				GCC_PREPROCESSOR_DEFINITIONS = (
					"DEBUG=1",
					"$(inherited)",
				);
				GCC_WARN_64_TO_32_BIT_CONVERSION = YES;
				GCC_WARN_ABOUT_RETURN_TYPE = YES_ERROR;
				GCC_WARN_UNDECLARED_SELECTOR = YES;
				GCC_WARN_UNINITIALIZED_AUTOS = YES_AGGRESSIVE;
				GCC_WARN_UNUSED_FUNCTION = YES;
				GCC_WARN_UNUSED_VARIABLE = YES;
				IPHONEOS_DEPLOYMENT_TARGET = 11.0;
				MTL_ENABLE_DEBUG_INFO = YES;
				ONLY_ACTIVE_ARCH = YES;
				SDKROOT = iphoneos;
			};
			name = Debug;
		};
		2E5C1F3C1FA6028C00A49370 /* Release */ = {
			isa = XCBuildConfiguration;
			buildSettings = {
				ALWAYS_SEARCH_USER_PATHS = NO;
				CLANG_ANALYZER_NONNULL = YES;
				CLANG_ANALYZER_NUMBER_OBJECT_CONVERSION = YES_AGGRESSIVE;
				CLANG_CXX_LANGUAGE_STANDARD = "gnu++14";
				CLANG_CXX_LIBRARY = "libc++";
				CLANG_ENABLE_MODULES = YES;
				CLANG_ENABLE_OBJC_ARC = YES;
				CLANG_WARN_BLOCK_CAPTURE_AUTORELEASING = YES;
				CLANG_WARN_BOOL_CONVERSION = YES;
				CLANG_WARN_COMMA = YES;
				CLANG_WARN_CONSTANT_CONVERSION = YES;
				CLANG_WARN_DIRECT_OBJC_ISA_USAGE = YES_ERROR;
				CLANG_WARN_DOCUMENTATION_COMMENTS = YES;
				CLANG_WARN_EMPTY_BODY = YES;
				CLANG_WARN_ENUM_CONVERSION = YES;
				CLANG_WARN_INFINITE_RECURSION = YES;
				CLANG_WARN_INT_CONVERSION = YES;
				CLANG_WARN_NON_LITERAL_NULL_CONVERSION = YES;
				CLANG_WARN_OBJC_LITERAL_CONVERSION = YES;
				CLANG_WARN_OBJC_ROOT_CLASS = YES_ERROR;
				CLANG_WARN_RANGE_LOOP_ANALYSIS = YES;
				CLANG_WARN_STRICT_PROTOTYPES = YES;
				CLANG_WARN_SUSPICIOUS_MOVE = YES;
				CLANG_WARN_UNGUARDED_AVAILABILITY = YES_AGGRESSIVE;
				CLANG_WARN_UNREACHABLE_CODE = YES;
				CLANG_WARN__DUPLICATE_METHOD_MATCH = YES;
				CODE_SIGN_IDENTITY = "iPhone Developer";
				COPY_PHASE_STRIP = NO;
				DEBUG_INFORMATION_FORMAT = "dwarf-with-dsym";
				ENABLE_NS_ASSERTIONS = NO;
				ENABLE_STRICT_OBJC_MSGSEND = YES;
				GCC_C_LANGUAGE_STANDARD = gnu11;
				GCC_NO_COMMON_BLOCKS = YES;
				GCC_WARN_64_TO_32_BIT_CONVERSION = YES;
				GCC_WARN_ABOUT_RETURN_TYPE = YES_ERROR;
				GCC_WARN_UNDECLARED_SELECTOR = YES;
				GCC_WARN_UNINITIALIZED_AUTOS = YES_AGGRESSIVE;
				GCC_WARN_UNUSED_FUNCTION = YES;
				GCC_WARN_UNUSED_VARIABLE = YES;
				IPHONEOS_DEPLOYMENT_TARGET = 11.0;
				MTL_ENABLE_DEBUG_INFO = NO;
				SDKROOT = iphoneos;
				VALIDATE_PRODUCT = YES;
			};
			name = Release;
		};
		2E5C1F3E1FA6028C00A49370 /* Debug */ = {
			isa = XCBuildConfiguration;
			baseConfigurationReference = F10D36181123F4AD778A68FD /* Pods-TwitClient.debug.xcconfig */;
			buildSettings = {
				ASSETCATALOG_COMPILER_APPICON_NAME = AppIcon;
				CODE_SIGN_STYLE = Automatic;
				DEVELOPMENT_TEAM = NX56283KF9;
				INFOPLIST_FILE = TwitClient/Info.plist;
				IPHONEOS_DEPLOYMENT_TARGET = 8.0;
				LD_RUNPATH_SEARCH_PATHS = "$(inherited) @executable_path/Frameworks";
				PRODUCT_BUNDLE_IDENTIFIER = com.tweet.TwitClient;
				PRODUCT_NAME = "$(TARGET_NAME)";
				TARGETED_DEVICE_FAMILY = "1,2";
			};
			name = Debug;
		};
		2E5C1F3F1FA6028C00A49370 /* Release */ = {
			isa = XCBuildConfiguration;
			baseConfigurationReference = 210105D23790798D9C84D31A /* Pods-TwitClient.release.xcconfig */;
			buildSettings = {
				ASSETCATALOG_COMPILER_APPICON_NAME = AppIcon;
				CODE_SIGN_STYLE = Automatic;
				DEVELOPMENT_TEAM = NX56283KF9;
				INFOPLIST_FILE = TwitClient/Info.plist;
				IPHONEOS_DEPLOYMENT_TARGET = 8.0;
				LD_RUNPATH_SEARCH_PATHS = "$(inherited) @executable_path/Frameworks";
				PRODUCT_BUNDLE_IDENTIFIER = com.tweet.TwitClient;
				PRODUCT_NAME = "$(TARGET_NAME)";
				TARGETED_DEVICE_FAMILY = "1,2";
			};
			name = Release;
		};
		2E5C1F411FA6028C00A49370 /* Debug */ = {
			isa = XCBuildConfiguration;
			buildSettings = {
				BUNDLE_LOADER = "$(TEST_HOST)";
				CODE_SIGN_STYLE = Automatic;
				INFOPLIST_FILE = TwitClientTests/Info.plist;
				LD_RUNPATH_SEARCH_PATHS = "$(inherited) @executable_path/Frameworks @loader_path/Frameworks";
				PRODUCT_BUNDLE_IDENTIFIER = com.tweet.TwitClientTests;
				PRODUCT_NAME = "$(TARGET_NAME)";
				TARGETED_DEVICE_FAMILY = "1,2";
				TEST_HOST = "$(BUILT_PRODUCTS_DIR)/TwitClient.app/TwitClient";
			};
			name = Debug;
		};
		2E5C1F421FA6028C00A49370 /* Release */ = {
			isa = XCBuildConfiguration;
			buildSettings = {
				BUNDLE_LOADER = "$(TEST_HOST)";
				CODE_SIGN_STYLE = Automatic;
				INFOPLIST_FILE = TwitClientTests/Info.plist;
				LD_RUNPATH_SEARCH_PATHS = "$(inherited) @executable_path/Frameworks @loader_path/Frameworks";
				PRODUCT_BUNDLE_IDENTIFIER = com.tweet.TwitClientTests;
				PRODUCT_NAME = "$(TARGET_NAME)";
				TARGETED_DEVICE_FAMILY = "1,2";
				TEST_HOST = "$(BUILT_PRODUCTS_DIR)/TwitClient.app/TwitClient";
			};
			name = Release;
		};
/* End XCBuildConfiguration section */

/* Begin XCConfigurationList section */
		2E5C1F141FA6028C00A49370 /* Build configuration list for PBXProject "TwitClient" */ = {
			isa = XCConfigurationList;
			buildConfigurations = (
				2E5C1F3B1FA6028C00A49370 /* Debug */,
				2E5C1F3C1FA6028C00A49370 /* Release */,
			);
			defaultConfigurationIsVisible = 0;
			defaultConfigurationName = Release;
		};
		2E5C1F3D1FA6028C00A49370 /* Build configuration list for PBXNativeTarget "TwitClient" */ = {
			isa = XCConfigurationList;
			buildConfigurations = (
				2E5C1F3E1FA6028C00A49370 /* Debug */,
				2E5C1F3F1FA6028C00A49370 /* Release */,
			);
			defaultConfigurationIsVisible = 0;
			defaultConfigurationName = Release;
		};
		2E5C1F401FA6028C00A49370 /* Build configuration list for PBXNativeTarget "TwitClientTests" */ = {
			isa = XCConfigurationList;
			buildConfigurations = (
				2E5C1F411FA6028C00A49370 /* Debug */,
				2E5C1F421FA6028C00A49370 /* Release */,
			);
			defaultConfigurationIsVisible = 0;
			defaultConfigurationName = Release;
		};
/* End XCConfigurationList section */

/* Begin XCVersionGroup section */
		2E5C1F451FA602E700A49370 /* TwitClient.xcdatamodeld */ = {
			isa = XCVersionGroup;
			children = (
				2E5C1F461FA602E700A49370 /* TwitClient.xcdatamodel */,
			);
			currentVersion = 2E5C1F461FA602E700A49370 /* TwitClient.xcdatamodel */;
			path = TwitClient.xcdatamodeld;
			sourceTree = "<group>";
			versionGroupType = wrapper.xcdatamodel;
		};
/* End XCVersionGroup section */
	};
	rootObject = 2E5C1F111FA6028C00A49370 /* Project object */;
}
